<Solution>
  <Configurations>
    <Platform Name="x64" />
    <Platform Name="x86" />
  </Configurations>
  <Project Path="Complex_Class/Complex_Class.vcxproj" />
  <Project Path="Lec04_Array_Class/Lec04_Array_Class.vcxproj" />
  <Project Path="Polynomial_Class/Polynomial_Class.vcxproj" />
  <Project Path="Project1/Project1.vcxproj" />
</Solution>
